# This file is automatically @generated by Cargo.
# It is not intended for manual editing.
version = 3

[[package]]
name = "tarefa_3"
version = "1.2.0"

[[package]]
name = "tarefa_4"
version = "1.2.0"

[[package]]
name = "tarefas_rust"
version = "1.2.0"

[[package]]
name = "tarefas_rust_1"
version = "1.2.0"

[[package]]
name = "tarefas_rust_2"
version = "1.2.0"
